
Microsoft Visual Studio Solution File, Format Version 12.00
# Visual Studio Version 17
VisualStudioVersion = 17.6.33829.357
MinimumVisualStudioVersion = 10.0.40219.1
Project("{FAE04EC0-301F-11D3-BF4B-00C04F79EFBC}") = "MovieLibrary", "MovieLibrary.csproj", "{FEA99AE2-56BB-480D-98DF-B9B913E3000B}"
EndProject
Global
	GlobalSection(SolutionConfigurationPlatforms) = preSolution
		Debug|Any CPU = Debug|Any CPU
		Release|Any CPU = Release|Any CPU
	EndGlobalSection
	GlobalSection(ProjectConfigurationPlatforms) = postSolution
		{FEA99AE2-56BB-480D-98DF-B9B913E3000B}.Debug|Any CPU.ActiveCfg = Debug|Any CPU
		{FEA99AE2-56BB-480D-98DF-B9B913E3000B}.Debug|Any CPU.Build.0 = Debug|Any CPU
		{FEA99AE2-56BB-480D-98DF-B9B913E3000B}.Release|Any CPU.ActiveCfg = Release|Any CPU
		{FEA99AE2-56BB-480D-98DF-B9B913E3000B}.Release|Any CPU.Build.0 = Release|Any CPU
	EndGlobalSection
	GlobalSection(SolutionProperties) = preSolution
		HideSolutionNode = FALSE
	EndGlobalSection
	GlobalSection(ExtensibilityGlobals) = postSolution
		SolutionGuid = {8D61A210-9E81-4E05-BAEE-8E1401E31AA8}
	EndGlobalSection
EndGlobal
